
Microsoft Visual Studio Solution File, Format Version 12.00
# Visual Studio 2013
VisualStudioVersion = 12.0.21005.1
MinimumVisualStudioVersion = 10.0.40219.1
Project("{8BC9CEB8-8B4A-11D0-8D11-00A0C91BC942}") = "LiveScanClient", "LiveScanClient\KinectClient.vcxproj", "{9B550BBA-EAFB-4D12-8B1C-8FDA39361F52}"
EndProject
Project("{FAE04EC0-301F-11D3-BF4B-00C04F79EFBC}") = "LiveScanServer", "LiveScanServer\LiveScanServer.csproj", "{78422B2C-0EF1-4A28-A40E-2A7C4A9204B1}"
	ProjectSection(ProjectDependencies) = postProject
		{973EE923-B423-4BCD-AA08-B03DA40CB51F} = {973EE923-B423-4BCD-AA08-B03DA40CB51F}
	EndProjectSection
EndProject
Project("{8BC9CEB8-8B4A-11D0-8D11-00A0C91BC942}") = "ICP", "ICP\ICP.vcxproj", "{973EE923-B423-4BCD-AA08-B03DA40CB51F}"
EndProject
Global
	GlobalSection(SolutionConfigurationPlatforms) = preSolution
		Debug|Any CPU = Debug|Any CPU
		Debug|Mixed Platforms = Debug|Mixed Platforms
		Debug|Win32 = Debug|Win32
		Release ICP as exe|Any CPU = Release ICP as exe|Any CPU
		Release ICP as exe|Mixed Platforms = Release ICP as exe|Mixed Platforms
		Release ICP as exe|Win32 = Release ICP as exe|Win32
		Release|Any CPU = Release|Any CPU
		Release|Mixed Platforms = Release|Mixed Platforms
		Release|Win32 = Release|Win32
	EndGlobalSection
	GlobalSection(ProjectConfigurationPlatforms) = postSolution
		{9B550BBA-EAFB-4D12-8B1C-8FDA39361F52}.Debug|Any CPU.ActiveCfg = Debug|Win32
		{9B550BBA-EAFB-4D12-8B1C-8FDA39361F52}.Debug|Mixed Platforms.ActiveCfg = Debug|Win32
		{9B550BBA-EAFB-4D12-8B1C-8FDA39361F52}.Debug|Mixed Platforms.Build.0 = Debug|Win32
		{9B550BBA-EAFB-4D12-8B1C-8FDA39361F52}.Debug|Win32.ActiveCfg = Debug|Win32
		{9B550BBA-EAFB-4D12-8B1C-8FDA39361F52}.Debug|Win32.Build.0 = Debug|Win32
		{9B550BBA-EAFB-4D12-8B1C-8FDA39361F52}.Release ICP as exe|Any CPU.ActiveCfg = Release|Win32
		{9B550BBA-EAFB-4D12-8B1C-8FDA39361F52}.Release ICP as exe|Mixed Platforms.ActiveCfg = Release|Win32
		{9B550BBA-EAFB-4D12-8B1C-8FDA39361F52}.Release ICP as exe|Mixed Platforms.Build.0 = Release|Win32
		{9B550BBA-EAFB-4D12-8B1C-8FDA39361F52}.Release ICP as exe|Win32.ActiveCfg = Release|Win32
		{9B550BBA-EAFB-4D12-8B1C-8FDA39361F52}.Release ICP as exe|Win32.Build.0 = Release|Win32
		{9B550BBA-EAFB-4D12-8B1C-8FDA39361F52}.Release|Any CPU.ActiveCfg = Release|Win32
		{9B550BBA-EAFB-4D12-8B1C-8FDA39361F52}.Release|Mixed Platforms.ActiveCfg = Release|Win32
		{9B550BBA-EAFB-4D12-8B1C-8FDA39361F52}.Release|Mixed Platforms.Build.0 = Release|Win32
		{9B550BBA-EAFB-4D12-8B1C-8FDA39361F52}.Release|Win32.ActiveCfg = Release|Win32
		{9B550BBA-EAFB-4D12-8B1C-8FDA39361F52}.Release|Win32.Build.0 = Release|Win32
		{78422B2C-0EF1-4A28-A40E-2A7C4A9204B1}.Debug|Any CPU.ActiveCfg = Debug|Any CPU
		{78422B2C-0EF1-4A28-A40E-2A7C4A9204B1}.Debug|Any CPU.Build.0 = Debug|Any CPU
		{78422B2C-0EF1-4A28-A40E-2A7C4A9204B1}.Debug|Mixed Platforms.ActiveCfg = Debug|Any CPU
		{78422B2C-0EF1-4A28-A40E-2A7C4A9204B1}.Debug|Mixed Platforms.Build.0 = Debug|Any CPU
		{78422B2C-0EF1-4A28-A40E-2A7C4A9204B1}.Debug|Win32.ActiveCfg = Debug|Any CPU
		{78422B2C-0EF1-4A28-A40E-2A7C4A9204B1}.Release ICP as exe|Any CPU.ActiveCfg = Release|Any CPU
		{78422B2C-0EF1-4A28-A40E-2A7C4A9204B1}.Release ICP as exe|Any CPU.Build.0 = Release|Any CPU
		{78422B2C-0EF1-4A28-A40E-2A7C4A9204B1}.Release ICP as exe|Mixed Platforms.ActiveCfg = Release|Any CPU
		{78422B2C-0EF1-4A28-A40E-2A7C4A9204B1}.Release ICP as exe|Mixed Platforms.Build.0 = Release|Any CPU
		{78422B2C-0EF1-4A28-A40E-2A7C4A9204B1}.Release ICP as exe|Win32.ActiveCfg = Release|Any CPU
		{78422B2C-0EF1-4A28-A40E-2A7C4A9204B1}.Release|Any CPU.ActiveCfg = Release|Any CPU
		{78422B2C-0EF1-4A28-A40E-2A7C4A9204B1}.Release|Any CPU.Build.0 = Release|Any CPU
		{78422B2C-0EF1-4A28-A40E-2A7C4A9204B1}.Release|Mixed Platforms.ActiveCfg = Release|Any CPU
		{78422B2C-0EF1-4A28-A40E-2A7C4A9204B1}.Release|Mixed Platforms.Build.0 = Release|Any CPU
		{78422B2C-0EF1-4A28-A40E-2A7C4A9204B1}.Release|Win32.ActiveCfg = Release|Any CPU
		{973EE923-B423-4BCD-AA08-B03DA40CB51F}.Debug|Any CPU.ActiveCfg = Debug|Win32
		{973EE923-B423-4BCD-AA08-B03DA40CB51F}.Debug|Mixed Platforms.ActiveCfg = Debug|Win32
		{973EE923-B423-4BCD-AA08-B03DA40CB51F}.Debug|Mixed Platforms.Build.0 = Debug|Win32
		{973EE923-B423-4BCD-AA08-B03DA40CB51F}.Debug|Win32.ActiveCfg = Debug|Win32
		{973EE923-B423-4BCD-AA08-B03DA40CB51F}.Debug|Win32.Build.0 = Debug|Win32
		{973EE923-B423-4BCD-AA08-B03DA40CB51F}.Release ICP as exe|Any CPU.ActiveCfg = Release|Win32
		{973EE923-B423-4BCD-AA08-B03DA40CB51F}.Release ICP as exe|Mixed Platforms.ActiveCfg = Release|Win32
		{973EE923-B423-4BCD-AA08-B03DA40CB51F}.Release ICP as exe|Mixed Platforms.Build.0 = Release|Win32
		{973EE923-B423-4BCD-AA08-B03DA40CB51F}.Release ICP as exe|Win32.ActiveCfg = Release|Win32
		{973EE923-B423-4BCD-AA08-B03DA40CB51F}.Release ICP as exe|Win32.Build.0 = Release|Win32
		{973EE923-B423-4BCD-AA08-B03DA40CB51F}.Release|Any CPU.ActiveCfg = Release DLL|Win32
		{973EE923-B423-4BCD-AA08-B03DA40CB51F}.Release|Mixed Platforms.ActiveCfg = Release DLL|Win32
		{973EE923-B423-4BCD-AA08-B03DA40CB51F}.Release|Mixed Platforms.Build.0 = Release DLL|Win32
		{973EE923-B423-4BCD-AA08-B03DA40CB51F}.Release|Win32.ActiveCfg = Release DLL|Win32
		{973EE923-B423-4BCD-AA08-B03DA40CB51F}.Release|Win32.Build.0 = Release DLL|Win32
	EndGlobalSection
	GlobalSection(SolutionProperties) = preSolution
		HideSolutionNode = FALSE
	EndGlobalSection
EndGlobal
